
Microsoft Visual Studio Solution File, Format Version 12.00
# Visual Studio Version 17
VisualStudioVersion = 17.0.32112.339
MinimumVisualStudioVersion = 10.0.40219.1
Project("{8BC9CEB8-8B4A-11D0-8D11-00A0C91BC942}") = "assignment4.2", "assignment4.2\assignment4.2.vcxproj", "{20F81FED-54F1-4B43-B5AE-AF4F1ACDC068}"
EndProject
Global
	GlobalSection(SolutionConfigurationPlatforms) = preSolution
		Debug|x64 = Debug|x64
		Debug|x86 = Debug|x86
		Release|x64 = Release|x64
		Release|x86 = Release|x86
	EndGlobalSection
	GlobalSection(ProjectConfigurationPlatforms) = postSolution
		{20F81FED-54F1-4B43-B5AE-AF4F1ACDC068}.Debug|x64.ActiveCfg = Debug|x64
		{20F81FED-54F1-4B43-B5AE-AF4F1ACDC068}.Debug|x64.Build.0 = Debug|x64
		{20F81FED-54F1-4B43-B5AE-AF4F1ACDC068}.Debug|x86.ActiveCfg = Debug|Win32
		{20F81FED-54F1-4B43-B5AE-AF4F1ACDC068}.Debug|x86.Build.0 = Debug|Win32
		{20F81FED-54F1-4B43-B5AE-AF4F1ACDC068}.Release|x64.ActiveCfg = Release|x64
		{20F81FED-54F1-4B43-B5AE-AF4F1ACDC068}.Release|x64.Build.0 = Release|x64
		{20F81FED-54F1-4B43-B5AE-AF4F1ACDC068}.Release|x86.ActiveCfg = Release|Win32
		{20F81FED-54F1-4B43-B5AE-AF4F1ACDC068}.Release|x86.Build.0 = Release|Win32
	EndGlobalSection
	GlobalSection(SolutionProperties) = preSolution
		HideSolutionNode = FALSE
	EndGlobalSection
	GlobalSection(ExtensibilityGlobals) = postSolution
		SolutionGuid = {197BFB41-0C0D-44B1-AC00-FC09EB3EB598}
	EndGlobalSection
EndGlobal
